
Microsoft Visual Studio Solution File, Format Version 12.00
# Visual Studio Version 17
VisualStudioVersion = 17.5.002.0
MinimumVisualStudioVersion = 10.0.40219.1
Project("{2150E333-8FDC-42A3-9474-1A3956D46DE8}") = "lambdas", "lambdas", "{58F17278-B16C-48B9-B9FB-52FE040BDA25}"
EndProject
Project("{2150E333-8FDC-42A3-9474-1A3956D46DE8}") = "signin", "signin", "{5C4282F9-50E8-4AC0-AE6C-A51E4A649AEB}"
EndProject
Project("{2150E333-8FDC-42A3-9474-1A3956D46DE8}") = "IBurguer.Onboarding.SignIn", "IBurguer.Onboarding.SignIn", "{BCACA5A6-0F83-4D2D-92CF-708499819F4A}"
EndProject
Project("{2150E333-8FDC-42A3-9474-1A3956D46DE8}") = "src", "src", "{47915D2C-132F-498C-901B-37DBC82F691E}"
EndProject
Project("{9A19103F-16F7-4668-BE54-9A1E7A4F7556}") = "IBurguer.Onboarding.SignIn", "lambdas\signin\IBurguer.Onboarding.SignIn\src\IBurguer.Onboarding.SignIn\IBurguer.Onboarding.SignIn.csproj", "{38CD3CF4-E452-4C79-857F-36D6F52B99FB}"
EndProject
Project("{2150E333-8FDC-42A3-9474-1A3956D46DE8}") = "test", "test", "{F35D71C1-3DCA-4CFF-BBE7-114AAD87F928}"
EndProject
Project("{9A19103F-16F7-4668-BE54-9A1E7A4F7556}") = "IBurguer.Onboarding.SignIn.Tests", "lambdas\signin\IBurguer.Onboarding.SignIn\test\IBurguer.Onboarding.SignIn.Tests\IBurguer.Onboarding.SignIn.Tests.csproj", "{EB5B1585-BB23-44CA-B558-2E9A235E09F7}"
EndProject
Global
	GlobalSection(SolutionConfigurationPlatforms) = preSolution
		Debug|Any CPU = Debug|Any CPU
		Release|Any CPU = Release|Any CPU
	EndGlobalSection
	GlobalSection(ProjectConfigurationPlatforms) = postSolution
		{38CD3CF4-E452-4C79-857F-36D6F52B99FB}.Debug|Any CPU.ActiveCfg = Debug|Any CPU
		{38CD3CF4-E452-4C79-857F-36D6F52B99FB}.Debug|Any CPU.Build.0 = Debug|Any CPU
		{38CD3CF4-E452-4C79-857F-36D6F52B99FB}.Release|Any CPU.ActiveCfg = Release|Any CPU
		{38CD3CF4-E452-4C79-857F-36D6F52B99FB}.Release|Any CPU.Build.0 = Release|Any CPU
		{EB5B1585-BB23-44CA-B558-2E9A235E09F7}.Debug|Any CPU.ActiveCfg = Debug|Any CPU
		{EB5B1585-BB23-44CA-B558-2E9A235E09F7}.Debug|Any CPU.Build.0 = Debug|Any CPU
		{EB5B1585-BB23-44CA-B558-2E9A235E09F7}.Release|Any CPU.ActiveCfg = Release|Any CPU
		{EB5B1585-BB23-44CA-B558-2E9A235E09F7}.Release|Any CPU.Build.0 = Release|Any CPU
	EndGlobalSection
	GlobalSection(SolutionProperties) = preSolution
		HideSolutionNode = FALSE
	EndGlobalSection
	GlobalSection(NestedProjects) = preSolution
		{5C4282F9-50E8-4AC0-AE6C-A51E4A649AEB} = {58F17278-B16C-48B9-B9FB-52FE040BDA25}
		{BCACA5A6-0F83-4D2D-92CF-708499819F4A} = {5C4282F9-50E8-4AC0-AE6C-A51E4A649AEB}
		{47915D2C-132F-498C-901B-37DBC82F691E} = {BCACA5A6-0F83-4D2D-92CF-708499819F4A}
		{38CD3CF4-E452-4C79-857F-36D6F52B99FB} = {47915D2C-132F-498C-901B-37DBC82F691E}
		{F35D71C1-3DCA-4CFF-BBE7-114AAD87F928} = {BCACA5A6-0F83-4D2D-92CF-708499819F4A}
		{EB5B1585-BB23-44CA-B558-2E9A235E09F7} = {F35D71C1-3DCA-4CFF-BBE7-114AAD87F928}
	EndGlobalSection
	GlobalSection(ExtensibilityGlobals) = postSolution
		SolutionGuid = {57FA685A-C252-493F-9E82-4D6AA39EFC7D}
	EndGlobalSection
EndGlobal
